
Microsoft Visual Studio Solution File, Format Version 12.00
# Visual Studio Version 17
VisualStudioVersion = 17.3.32929.385
MinimumVisualStudioVersion = 10.0.40219.1
Project("{FAE04EC0-301F-11D3-BF4B-00C04F79EFBC}") = "SanaPrakt01", "SanaPrakt01\SanaPrakt01.csproj", "{0B213C1F-0C0C-4709-96D1-4456C1A2BC3B}"
EndProject
Global
	GlobalSection(SolutionConfigurationPlatforms) = preSolution
		Debug|Any CPU = Debug|Any CPU
		Release|Any CPU = Release|Any CPU
	EndGlobalSection
	GlobalSection(ProjectConfigurationPlatforms) = postSolution
		{0B213C1F-0C0C-4709-96D1-4456C1A2BC3B}.Debug|Any CPU.ActiveCfg = Debug|Any CPU
		{0B213C1F-0C0C-4709-96D1-4456C1A2BC3B}.Debug|Any CPU.Build.0 = Debug|Any CPU
		{0B213C1F-0C0C-4709-96D1-4456C1A2BC3B}.Release|Any CPU.ActiveCfg = Release|Any CPU
		{0B213C1F-0C0C-4709-96D1-4456C1A2BC3B}.Release|Any CPU.Build.0 = Release|Any CPU
	EndGlobalSection
	GlobalSection(SolutionProperties) = preSolution
		HideSolutionNode = FALSE
	EndGlobalSection
	GlobalSection(ExtensibilityGlobals) = postSolution
		SolutionGuid = {A571804F-AE10-4F3A-8323-C647909BCFAD}
	EndGlobalSection
EndGlobal
